// !$*UTF8*$!
{
	archiveVersion = 1;
	classes = {
	};
	objectVersion = 46;
	objects = {

/* Begin PBXAggregateTarget section */
		A8112B0A1B6F571000C5BFAB /* Mogenerator2 */ = {
			isa = PBXAggregateTarget;
			buildConfigurationList = A8112B0B1B6F571000C5BFAB /* Build configuration list for PBXAggregateTarget "Mogenerator2" */;
			buildPhases = (
				A8112B0E1B6F571600C5BFAB /* ShellScript */,
			);
			dependencies = (
			);
			name = Mogenerator2;
			productName = Mogenerator2;
		};
/* End PBXAggregateTarget section */

/* Begin PBXBuildFile section */
		A8112B041B6F524B00C5BFAB /* CoreDataMantleMoGenMigrations.xcdatamodeld in Sources */ = {isa = PBXBuildFile; fileRef = A8112B021B6F524B00C5BFAB /* CoreDataMantleMoGenMigrations.xcdatamodeld */; };
		A8112B141B6F5A1000C5BFAB /* Event.m in Sources */ = {isa = PBXBuildFile; fileRef = A8112B121B6F5A1000C5BFAB /* Event.m */; };
		A84DB1DB1BC2406500924C45 /* TestTVCell.m in Sources */ = {isa = PBXBuildFile; fileRef = A84DB1DA1BC2406500924C45 /* TestTVCell.m */; };
		A84DB1E01BC241D900924C45 /* _Event.m in Sources */ = {isa = PBXBuildFile; fileRef = A84DB1DD1BC241D900924C45 /* _Event.m */; };
		A84DB1E11BC241D900924C45 /* _Person.m in Sources */ = {isa = PBXBuildFile; fileRef = A84DB1DF1BC241D900924C45 /* _Person.m */; };
		A84DB2041BC3B4BF00924C45 /* GCDispatch.m in Sources */ = {isa = PBXBuildFile; fileRef = A84DB2001BC3B4BF00924C45 /* GCDispatch.m */; };
		A84DB2051BC3B4BF00924C45 /* GCDispatchQueue.m in Sources */ = {isa = PBXBuildFile; fileRef = A84DB2021BC3B4BF00924C45 /* GCDispatchQueue.m */; };
		A84DB2061BC3B4BF00924C45 /* README.md in Sources */ = {isa = PBXBuildFile; fileRef = A84DB2031BC3B4BF00924C45 /* README.md */; };
		A85613831B6F942200D8C0DB /* Person.m in Sources */ = {isa = PBXBuildFile; fileRef = A85613811B6F942200D8C0DB /* Person.m */; };
		A8A3ADC21BCA54550099B8D7 /* CPPerson.m in Sources */ = {isa = PBXBuildFile; fileRef = A8A3ADC11BCA54550099B8D7 /* CPPerson.m */; };
		A8A3ADC51BCA5F290099B8D7 /* GRCommonReactiveExamples.m in Sources */ = {isa = PBXBuildFile; fileRef = A8A3ADC41BCA5F290099B8D7 /* GRCommonReactiveExamples.m */; };
		A8A3ADC81BCA60B40099B8D7 /* GRCoreDataPerformanceExamples.m in Sources */ = {isa = PBXBuildFile; fileRef = A8A3ADC71BCA60B40099B8D7 /* GRCoreDataPerformanceExamples.m */; };
		A8A3ADCB1BCA60CE0099B8D7 /* GRAPIController.m in Sources */ = {isa = PBXBuildFile; fileRef = A8A3ADCA1BCA60CE0099B8D7 /* GRAPIController.m */; };
		A8A3ADCE1BCA6B9D0099B8D7 /* GRCollectionPerformanceExamples.m in Sources */ = {isa = PBXBuildFile; fileRef = A8A3ADCD1BCA6B9D0099B8D7 /* GRCollectionPerformanceExamples.m */; };
		A8B0FE2C1BD4B6E100AEF27A /* MediaPlayer.framework in Frameworks */ = {isa = PBXBuildFile; fileRef = A8B0FE2B1BD4B6E100AEF27A /* MediaPlayer.framework */; };
		A8B0FE2E1BD4B6ED00AEF27A /* CoreGraphics.framework in Frameworks */ = {isa = PBXBuildFile; fileRef = A8B0FE2D1BD4B6ED00AEF27A /* CoreGraphics.framework */; };
		A8B0FE351BD4B7BD00AEF27A /* example-en.srt in Resources */ = {isa = PBXBuildFile; fileRef = A8B0FE321BD4B7BD00AEF27A /* example-en.srt */; };
		A8B0FE361BD4B7BD00AEF27A /* example-es.srt in Resources */ = {isa = PBXBuildFile; fileRef = A8B0FE331BD4B7BD00AEF27A /* example-es.srt */; };
		A8B0FE371BD4B7BD00AEF27A /* example.mp4 in Resources */ = {isa = PBXBuildFile; fileRef = A8B0FE341BD4B7BD00AEF27A /* example.mp4 */; };
		A8DA5FB91B69FF02004EE830 /* main.m in Sources */ = {isa = PBXBuildFile; fileRef = A8DA5FB81B69FF02004EE830 /* main.m */; };
		A8DA5FBC1B69FF02004EE830 /* AppDelegate.m in Sources */ = {isa = PBXBuildFile; fileRef = A8DA5FBB1B69FF02004EE830 /* AppDelegate.m */; };
		A8DA5FC21B69FF02004EE830 /* MasterViewController.m in Sources */ = {isa = PBXBuildFile; fileRef = A8DA5FC11B69FF02004EE830 /* MasterViewController.m */; };
		A8DA5FC51B69FF02004EE830 /* DetailViewController.m in Sources */ = {isa = PBXBuildFile; fileRef = A8DA5FC41B69FF02004EE830 /* DetailViewController.m */; };
		A8DA5FC81B69FF02004EE830 /* Main.storyboard in Resources */ = {isa = PBXBuildFile; fileRef = A8DA5FC61B69FF02004EE830 /* Main.storyboard */; };
		A8DA5FCA1B69FF02004EE830 /* Images.xcassets in Resources */ = {isa = PBXBuildFile; fileRef = A8DA5FC91B69FF02004EE830 /* Images.xcassets */; };
		A8DA5FCD1B69FF02004EE830 /* LaunchScreen.xib in Resources */ = {isa = PBXBuildFile; fileRef = A8DA5FCB1B69FF02004EE830 /* LaunchScreen.xib */; };
		A8DA5FD91B69FF02004EE830 /* CoreDataMantleMoGenMigrationsTests.m in Sources */ = {isa = PBXBuildFile; fileRef = A8DA5FD81B69FF02004EE830 /* CoreDataMantleMoGenMigrationsTests.m */; };
		F0A57FCA91515ED07A010DD3 /* libPods.a in Frameworks */ = {isa = PBXBuildFile; fileRef = B4A7291D3986B9B90AE2F03D /* libPods.a */; };
/* End PBXBuildFile section */

/* Begin PBXContainerItemProxy section */
		A8DA5FD31B69FF02004EE830 /* PBXContainerItemProxy */ = {
			isa = PBXContainerItemProxy;
			containerPortal = A8DA5FAB1B69FF02004EE830 /* Project object */;
			proxyType = 1;
			remoteGlobalIDString = A8DA5FB21B69FF02004EE830;
			remoteInfo = CoreDataMantleMoGenMigrations;
		};
/* End PBXContainerItemProxy section */

/* Begin PBXFileReference section */
		1247A14F0ED2E75CF4449D18 /* Pods.release.xcconfig */ = {isa = PBXFileReference; includeInIndex = 1; lastKnownFileType = text.xcconfig; name = Pods.release.xcconfig; path = "Pods/Target Support Files/Pods/Pods.release.xcconfig"; sourceTree = "<group>"; };
		73E2080890FA0C8CDE2D4D7C /* Pods.debug.xcconfig */ = {isa = PBXFileReference; includeInIndex = 1; lastKnownFileType = text.xcconfig; name = Pods.debug.xcconfig; path = "Pods/Target Support Files/Pods/Pods.debug.xcconfig"; sourceTree = "<group>"; };
		A8112B001B6F3A6D00C5BFAB /* CoreDataMantle.pch */ = {isa = PBXFileReference; lastKnownFileType = sourcecode.c.h; path = CoreDataMantle.pch; sourceTree = "<group>"; };
		A8112B031B6F524B00C5BFAB /* CoreDataMantleMoGenMigrations.xcdatamodel */ = {isa = PBXFileReference; lastKnownFileType = wrapper.xcdatamodel; path = CoreDataMantleMoGenMigrations.xcdatamodel; sourceTree = "<group>"; };
		A8112B111B6F5A1000C5BFAB /* Event.h */ = {isa = PBXFileReference; fileEncoding = 4; lastKnownFileType = sourcecode.c.h; path = Event.h; sourceTree = "<group>"; };
		A8112B121B6F5A1000C5BFAB /* Event.m */ = {isa = PBXFileReference; fileEncoding = 4; lastKnownFileType = sourcecode.c.objc; path = Event.m; sourceTree = "<group>"; };
		A8112B151B6F7CFB00C5BFAB /* CoreDataMantleMoGenMigrations2.xcdatamodel */ = {isa = PBXFileReference; lastKnownFileType = wrapper.xcdatamodel; path = CoreDataMantleMoGenMigrations2.xcdatamodel; sourceTree = "<group>"; };
		A84DB1D91BC2406500924C45 /* TestTVCell.h */ = {isa = PBXFileReference; fileEncoding = 4; lastKnownFileType = sourcecode.c.h; path = TestTVCell.h; sourceTree = "<group>"; };
		A84DB1DA1BC2406500924C45 /* TestTVCell.m */ = {isa = PBXFileReference; fileEncoding = 4; lastKnownFileType = sourcecode.c.objc; path = TestTVCell.m; sourceTree = "<group>"; };
		A84DB1DC1BC241D900924C45 /* _Event.h */ = {isa = PBXFileReference; fileEncoding = 4; lastKnownFileType = sourcecode.c.h; path = _Event.h; sourceTree = "<group>"; };
		A84DB1DD1BC241D900924C45 /* _Event.m */ = {isa = PBXFileReference; fileEncoding = 4; lastKnownFileType = sourcecode.c.objc; path = _Event.m; sourceTree = "<group>"; };
		A84DB1DE1BC241D900924C45 /* _Person.h */ = {isa = PBXFileReference; fileEncoding = 4; lastKnownFileType = sourcecode.c.h; path = _Person.h; sourceTree = "<group>"; };
		A84DB1DF1BC241D900924C45 /* _Person.m */ = {isa = PBXFileReference; fileEncoding = 4; lastKnownFileType = sourcecode.c.objc; path = _Person.m; sourceTree = "<group>"; };
		A84DB1FF1BC3B4BF00924C45 /* GCDispatch.h */ = {isa = PBXFileReference; fileEncoding = 4; lastKnownFileType = sourcecode.c.h; path = GCDispatch.h; sourceTree = "<group>"; };
		A84DB2001BC3B4BF00924C45 /* GCDispatch.m */ = {isa = PBXFileReference; fileEncoding = 4; lastKnownFileType = sourcecode.c.objc; path = GCDispatch.m; sourceTree = "<group>"; };
		A84DB2011BC3B4BF00924C45 /* GCDispatchQueue.h */ = {isa = PBXFileReference; fileEncoding = 4; lastKnownFileType = sourcecode.c.h; path = GCDispatchQueue.h; sourceTree = "<group>"; };
		A84DB2021BC3B4BF00924C45 /* GCDispatchQueue.m */ = {isa = PBXFileReference; fileEncoding = 4; lastKnownFileType = sourcecode.c.objc; path = GCDispatchQueue.m; sourceTree = "<group>"; };
		A84DB2031BC3B4BF00924C45 /* README.md */ = {isa = PBXFileReference; fileEncoding = 4; lastKnownFileType = net.daringfireball.markdown; path = README.md; sourceTree = "<group>"; };
		A85613801B6F942200D8C0DB /* Person.h */ = {isa = PBXFileReference; fileEncoding = 4; lastKnownFileType = sourcecode.c.h; path = Person.h; sourceTree = "<group>"; };
		A85613811B6F942200D8C0DB /* Person.m */ = {isa = PBXFileReference; fileEncoding = 4; lastKnownFileType = sourcecode.c.objc; path = Person.m; sourceTree = "<group>"; };
		A8A3ADC01BCA54550099B8D7 /* CPPerson.h */ = {isa = PBXFileReference; fileEncoding = 4; lastKnownFileType = sourcecode.c.h; path = CPPerson.h; sourceTree = "<group>"; };
		A8A3ADC11BCA54550099B8D7 /* CPPerson.m */ = {isa = PBXFileReference; fileEncoding = 4; lastKnownFileType = sourcecode.c.objc; path = CPPerson.m; sourceTree = "<group>"; };
		A8A3ADC31BCA5F290099B8D7 /* GRCommonReactiveExamples.h */ = {isa = PBXFileReference; fileEncoding = 4; lastKnownFileType = sourcecode.c.h; path = GRCommonReactiveExamples.h; sourceTree = "<group>"; };
		A8A3ADC41BCA5F290099B8D7 /* GRCommonReactiveExamples.m */ = {isa = PBXFileReference; fileEncoding = 4; lastKnownFileType = sourcecode.c.objc; path = GRCommonReactiveExamples.m; sourceTree = "<group>"; };
		A8A3ADC61BCA60B40099B8D7 /* GRCoreDataPerformanceExamples.h */ = {isa = PBXFileReference; fileEncoding = 4; lastKnownFileType = sourcecode.c.h; path = GRCoreDataPerformanceExamples.h; sourceTree = "<group>"; };
		A8A3ADC71BCA60B40099B8D7 /* GRCoreDataPerformanceExamples.m */ = {isa = PBXFileReference; fileEncoding = 4; lastKnownFileType = sourcecode.c.objc; path = GRCoreDataPerformanceExamples.m; sourceTree = "<group>"; };
		A8A3ADC91BCA60CE0099B8D7 /* GRAPIController.h */ = {isa = PBXFileReference; fileEncoding = 4; lastKnownFileType = sourcecode.c.h; path = GRAPIController.h; sourceTree = "<group>"; };
		A8A3ADCA1BCA60CE0099B8D7 /* GRAPIController.m */ = {isa = PBXFileReference; fileEncoding = 4; lastKnownFileType = sourcecode.c.objc; path = GRAPIController.m; sourceTree = "<group>"; };
		A8A3ADCC1BCA6B9D0099B8D7 /* GRCollectionPerformanceExamples.h */ = {isa = PBXFileReference; fileEncoding = 4; lastKnownFileType = sourcecode.c.h; path = GRCollectionPerformanceExamples.h; sourceTree = "<group>"; };
		A8A3ADCD1BCA6B9D0099B8D7 /* GRCollectionPerformanceExamples.m */ = {isa = PBXFileReference; fileEncoding = 4; lastKnownFileType = sourcecode.c.objc; path = GRCollectionPerformanceExamples.m; sourceTree = "<group>"; };
		A8B0FE2B1BD4B6E100AEF27A /* MediaPlayer.framework */ = {isa = PBXFileReference; lastKnownFileType = wrapper.framework; name = MediaPlayer.framework; path = System/Library/Frameworks/MediaPlayer.framework; sourceTree = SDKROOT; };
		A8B0FE2D1BD4B6ED00AEF27A /* CoreGraphics.framework */ = {isa = PBXFileReference; lastKnownFileType = wrapper.framework; name = CoreGraphics.framework; path = System/Library/Frameworks/CoreGraphics.framework; sourceTree = SDKROOT; };
		A8B0FE321BD4B7BD00AEF27A /* example-en.srt */ = {isa = PBXFileReference; fileEncoding = 4; lastKnownFileType = text; path = "example-en.srt"; sourceTree = "<group>"; };
		A8B0FE331BD4B7BD00AEF27A /* example-es.srt */ = {isa = PBXFileReference; fileEncoding = 4; lastKnownFileType = text; path = "example-es.srt"; sourceTree = "<group>"; };
		A8B0FE341BD4B7BD00AEF27A /* example.mp4 */ = {isa = PBXFileReference; lastKnownFileType = file; path = example.mp4; sourceTree = "<group>"; };
		A8DA5FB31B69FF02004EE830 /* CoreDataMantleMoGenMigrations.app */ = {isa = PBXFileReference; explicitFileType = wrapper.application; includeInIndex = 0; path = CoreDataMantleMoGenMigrations.app; sourceTree = BUILT_PRODUCTS_DIR; };
		A8DA5FB71B69FF02004EE830 /* Info.plist */ = {isa = PBXFileReference; lastKnownFileType = text.plist.xml; path = Info.plist; sourceTree = "<group>"; };
		A8DA5FB81B69FF02004EE830 /* main.m */ = {isa = PBXFileReference; lastKnownFileType = sourcecode.c.objc; path = main.m; sourceTree = "<group>"; };
		A8DA5FBA1B69FF02004EE830 /* AppDelegate.h */ = {isa = PBXFileReference; lastKnownFileType = sourcecode.c.h; path = AppDelegate.h; sourceTree = "<group>"; };
		A8DA5FBB1B69FF02004EE830 /* AppDelegate.m */ = {isa = PBXFileReference; lastKnownFileType = sourcecode.c.objc; path = AppDelegate.m; sourceTree = "<group>"; };
		A8DA5FC01B69FF02004EE830 /* MasterViewController.h */ = {isa = PBXFileReference; lastKnownFileType = sourcecode.c.h; path = MasterViewController.h; sourceTree = "<group>"; };
		A8DA5FC11B69FF02004EE830 /* MasterViewController.m */ = {isa = PBXFileReference; lastKnownFileType = sourcecode.c.objc; path = MasterViewController.m; sourceTree = "<group>"; };
		A8DA5FC31B69FF02004EE830 /* DetailViewController.h */ = {isa = PBXFileReference; lastKnownFileType = sourcecode.c.h; path = DetailViewController.h; sourceTree = "<group>"; };
		A8DA5FC41B69FF02004EE830 /* DetailViewController.m */ = {isa = PBXFileReference; lastKnownFileType = sourcecode.c.objc; path = DetailViewController.m; sourceTree = "<group>"; };
		A8DA5FC71B69FF02004EE830 /* Base */ = {isa = PBXFileReference; lastKnownFileType = file.storyboard; name = Base; path = Base.lproj/Main.storyboard; sourceTree = "<group>"; };
		A8DA5FC91B69FF02004EE830 /* Images.xcassets */ = {isa = PBXFileReference; lastKnownFileType = folder.assetcatalog; path = Images.xcassets; sourceTree = "<group>"; };
		A8DA5FCC1B69FF02004EE830 /* Base */ = {isa = PBXFileReference; lastKnownFileType = file.xib; name = Base; path = Base.lproj/LaunchScreen.xib; sourceTree = "<group>"; };
		A8DA5FD21B69FF02004EE830 /* CoreDataMantleMoGenMigrationsTests.xctest */ = {isa = PBXFileReference; explicitFileType = wrapper.cfbundle; includeInIndex = 0; path = CoreDataMantleMoGenMigrationsTests.xctest; sourceTree = BUILT_PRODUCTS_DIR; };
		A8DA5FD71B69FF02004EE830 /* Info.plist */ = {isa = PBXFileReference; lastKnownFileType = text.plist.xml; path = Info.plist; sourceTree = "<group>"; };
		A8DA5FD81B69FF02004EE830 /* CoreDataMantleMoGenMigrationsTests.m */ = {isa = PBXFileReference; lastKnownFileType = sourcecode.c.objc; path = CoreDataMantleMoGenMigrationsTests.m; sourceTree = "<group>"; };
		B4A7291D3986B9B90AE2F03D /* libPods.a */ = {isa = PBXFileReference; explicitFileType = archive.ar; includeInIndex = 0; path = libPods.a; sourceTree = BUILT_PRODUCTS_DIR; };
/* End PBXFileReference section */

/* Begin PBXFrameworksBuildPhase section */
		A8DA5FB01B69FF02004EE830 /* Frameworks */ = {
			isa = PBXFrameworksBuildPhase;
			buildActionMask = 2147483647;
			files = (
				A8B0FE2E1BD4B6ED00AEF27A /* CoreGraphics.framework in Frameworks */,
				A8B0FE2C1BD4B6E100AEF27A /* MediaPlayer.framework in Frameworks */,
				F0A57FCA91515ED07A010DD3 /* libPods.a in Frameworks */,
			);
			runOnlyForDeploymentPostprocessing = 0;
		};
		A8DA5FCF1B69FF02004EE830 /* Frameworks */ = {
			isa = PBXFrameworksBuildPhase;
			buildActionMask = 2147483647;
			files = (
			);
			runOnlyForDeploymentPostprocessing = 0;
		};
/* End PBXFrameworksBuildPhase section */

/* Begin PBXGroup section */
		1A5939C587325DB568C527C1 /* Pods */ = {
			isa = PBXGroup;
			children = (
				73E2080890FA0C8CDE2D4D7C /* Pods.debug.xcconfig */,
				1247A14F0ED2E75CF4449D18 /* Pods.release.xcconfig */,
			);
			name = Pods;
			sourceTree = "<group>";
		};
		A8112B011B6F522800C5BFAB /* Models */ = {
			isa = PBXGroup;
			children = (
				A8A3ADC01BCA54550099B8D7 /* CPPerson.h */,
				A8A3ADC11BCA54550099B8D7 /* CPPerson.m */,
				A84DB1DC1BC241D900924C45 /* _Event.h */,
				A84DB1DD1BC241D900924C45 /* _Event.m */,
				A84DB1DE1BC241D900924C45 /* _Person.h */,
				A84DB1DF1BC241D900924C45 /* _Person.m */,
				A85613801B6F942200D8C0DB /* Person.h */,
				A85613811B6F942200D8C0DB /* Person.m */,
				A8112B111B6F5A1000C5BFAB /* Event.h */,
				A8112B121B6F5A1000C5BFAB /* Event.m */,
				A8112B021B6F524B00C5BFAB /* CoreDataMantleMoGenMigrations.xcdatamodeld */,
			);
			path = Models;
			sourceTree = "<group>";
		};
		A84DB1FE1BC3B4BF00924C45 /* GCDispatch-master */ = {
			isa = PBXGroup;
			children = (
				A84DB1FF1BC3B4BF00924C45 /* GCDispatch.h */,
				A84DB2001BC3B4BF00924C45 /* GCDispatch.m */,
				A84DB2011BC3B4BF00924C45 /* GCDispatchQueue.h */,
				A84DB2021BC3B4BF00924C45 /* GCDispatchQueue.m */,
				A84DB2031BC3B4BF00924C45 /* README.md */,
			);
			path = "GCDispatch-master";
			sourceTree = "<group>";
		};
		A8DA5FAA1B69FF02004EE830 = {
			isa = PBXGroup;
			children = (
				A8DA5FB51B69FF02004EE830 /* CoreDataMantleMoGenMigrations */,
				A8DA5FD51B69FF02004EE830 /* CoreDataMantleMoGenMigrationsTests */,
				A8DA5FB41B69FF02004EE830 /* Products */,
				1A5939C587325DB568C527C1 /* Pods */,
				BF2187D6B5EBC8351E459BD2 /* Frameworks */,
			);
			sourceTree = "<group>";
		};
		A8DA5FB41B69FF02004EE830 /* Products */ = {
			isa = PBXGroup;
			children = (
				A8DA5FB31B69FF02004EE830 /* CoreDataMantleMoGenMigrations.app */,
				A8DA5FD21B69FF02004EE830 /* CoreDataMantleMoGenMigrationsTests.xctest */,
			);
			name = Products;
			sourceTree = "<group>";
		};
		A8DA5FB51B69FF02004EE830 /* CoreDataMantleMoGenMigrations */ = {
			isa = PBXGroup;
			children = (
				A8A3ADC91BCA60CE0099B8D7 /* GRAPIController.h */,
				A8A3ADCA1BCA60CE0099B8D7 /* GRAPIController.m */,
				A8A3ADC31BCA5F290099B8D7 /* GRCommonReactiveExamples.h */,
				A8A3ADC41BCA5F290099B8D7 /* GRCommonReactiveExamples.m */,
				A8A3ADC61BCA60B40099B8D7 /* GRCoreDataPerformanceExamples.h */,
				A8A3ADC71BCA60B40099B8D7 /* GRCoreDataPerformanceExamples.m */,
				A8A3ADCC1BCA6B9D0099B8D7 /* GRCollectionPerformanceExamples.h */,
				A8A3ADCD1BCA6B9D0099B8D7 /* GRCollectionPerformanceExamples.m */,
				A84DB1FE1BC3B4BF00924C45 /* GCDispatch-master */,
				A8112B011B6F522800C5BFAB /* Models */,
				A8DA5FBA1B69FF02004EE830 /* AppDelegate.h */,
				A8DA5FBB1B69FF02004EE830 /* AppDelegate.m */,
				A8DA5FC01B69FF02004EE830 /* MasterViewController.h */,
				A8DA5FC11B69FF02004EE830 /* MasterViewController.m */,
				A8DA5FC31B69FF02004EE830 /* DetailViewController.h */,
				A8DA5FC41B69FF02004EE830 /* DetailViewController.m */,
				A84DB1D91BC2406500924C45 /* TestTVCell.h */,
				A84DB1DA1BC2406500924C45 /* TestTVCell.m */,
				A8DA5FC61B69FF02004EE830 /* Main.storyboard */,
				A8DA5FC91B69FF02004EE830 /* Images.xcassets */,
				A8DA5FCB1B69FF02004EE830 /* LaunchScreen.xib */,
				A8DA5FB61B69FF02004EE830 /* Supporting Files */,
			);
			path = CoreDataMantleMoGenMigrations;
			sourceTree = "<group>";
		};
		A8DA5FB61B69FF02004EE830 /* Supporting Files */ = {
			isa = PBXGroup;
			children = (
				A8B0FE321BD4B7BD00AEF27A /* example-en.srt */,
				A8B0FE331BD4B7BD00AEF27A /* example-es.srt */,
				A8B0FE341BD4B7BD00AEF27A /* example.mp4 */,
				A8DA5FB71B69FF02004EE830 /* Info.plist */,
				A8DA5FB81B69FF02004EE830 /* main.m */,
				A8112B001B6F3A6D00C5BFAB /* CoreDataMantle.pch */,
			);
			name = "Supporting Files";
			sourceTree = "<group>";
		};
		A8DA5FD51B69FF02004EE830 /* CoreDataMantleMoGenMigrationsTests */ = {
			isa = PBXGroup;
			children = (
				A8DA5FD81B69FF02004EE830 /* CoreDataMantleMoGenMigrationsTests.m */,
				A8DA5FD61B69FF02004EE830 /* Supporting Files */,
			);
			path = CoreDataMantleMoGenMigrationsTests;
			sourceTree = "<group>";
		};
		A8DA5FD61B69FF02004EE830 /* Supporting Files */ = {
			isa = PBXGroup;
			children = (
				A8DA5FD71B69FF02004EE830 /* Info.plist */,
			);
			name = "Supporting Files";
			sourceTree = "<group>";
		};
		BF2187D6B5EBC8351E459BD2 /* Frameworks */ = {
			isa = PBXGroup;
			children = (
				A8B0FE2D1BD4B6ED00AEF27A /* CoreGraphics.framework */,
				A8B0FE2B1BD4B6E100AEF27A /* MediaPlayer.framework */,
				B4A7291D3986B9B90AE2F03D /* libPods.a */,
			);
			name = Frameworks;
			sourceTree = "<group>";
		};
/* End PBXGroup section */

/* Begin PBXNativeTarget section */
		A8DA5FB21B69FF02004EE830 /* CoreDataMantleMoGenMigrations */ = {
			isa = PBXNativeTarget;
			buildConfigurationList = A8DA5FDC1B69FF02004EE830 /* Build configuration list for PBXNativeTarget "CoreDataMantleMoGenMigrations" */;
			buildPhases = (
				BACE1F22787E1233527C247F /* Check Pods Manifest.lock */,
				A8DA5FAF1B69FF02004EE830 /* Sources */,
				A8DA5FB01B69FF02004EE830 /* Frameworks */,
				A8DA5FB11B69FF02004EE830 /* Resources */,
				EB60C7575ACFA46715299518 /* Copy Pods Resources */,
			);
			buildRules = (
			);
			dependencies = (
			);
			name = CoreDataMantleMoGenMigrations;
			productName = CoreDataMantleMoGenMigrations;
			productReference = A8DA5FB31B69FF02004EE830 /* CoreDataMantleMoGenMigrations.app */;
			productType = "com.apple.product-type.application";
		};
		A8DA5FD11B69FF02004EE830 /* CoreDataMantleMoGenMigrationsTests */ = {
			isa = PBXNativeTarget;
			buildConfigurationList = A8DA5FDF1B69FF02004EE830 /* Build configuration list for PBXNativeTarget "CoreDataMantleMoGenMigrationsTests" */;
			buildPhases = (
				A8DA5FCE1B69FF02004EE830 /* Sources */,
				A8DA5FCF1B69FF02004EE830 /* Frameworks */,
				A8DA5FD01B69FF02004EE830 /* Resources */,
			);
			buildRules = (
			);
			dependencies = (
				A8DA5FD41B69FF02004EE830 /* PBXTargetDependency */,
			);
			name = CoreDataMantleMoGenMigrationsTests;
			productName = CoreDataMantleMoGenMigrationsTests;
			productReference = A8DA5FD21B69FF02004EE830 /* CoreDataMantleMoGenMigrationsTests.xctest */;
			productType = "com.apple.product-type.bundle.unit-test";
		};
/* End PBXNativeTarget section */

/* Begin PBXProject section */
		A8DA5FAB1B69FF02004EE830 /* Project object */ = {
			isa = PBXProject;
			attributes = {
				LastUpgradeCheck = 0610;
				ORGANIZATIONNAME = kanybek;
				TargetAttributes = {
					A8112B0A1B6F571000C5BFAB = {
						CreatedOnToolsVersion = 6.1.1;
					};
					A8DA5FB21B69FF02004EE830 = {
						CreatedOnToolsVersion = 6.1.1;
					};
					A8DA5FD11B69FF02004EE830 = {
						CreatedOnToolsVersion = 6.1.1;
						TestTargetID = A8DA5FB21B69FF02004EE830;
					};
				};
			};
			buildConfigurationList = A8DA5FAE1B69FF02004EE830 /* Build configuration list for PBXProject "CoreDataMantleMoGenMigrations" */;
			compatibilityVersion = "Xcode 3.2";
			developmentRegion = English;
			hasScannedForEncodings = 0;
			knownRegions = (
				en,
				Base,
			);
			mainGroup = A8DA5FAA1B69FF02004EE830;
			productRefGroup = A8DA5FB41B69FF02004EE830 /* Products */;
			projectDirPath = "";
			projectRoot = "";
			targets = (
				A8DA5FB21B69FF02004EE830 /* CoreDataMantleMoGenMigrations */,
				A8DA5FD11B69FF02004EE830 /* CoreDataMantleMoGenMigrationsTests */,
				A8112B0A1B6F571000C5BFAB /* Mogenerator2 */,
			);
		};
/* End PBXProject section */

/* Begin PBXResourcesBuildPhase section */
		A8DA5FB11B69FF02004EE830 /* Resources */ = {
			isa = PBXResourcesBuildPhase;
			buildActionMask = 2147483647;
			files = (
				A8B0FE371BD4B7BD00AEF27A /* example.mp4 in Resources */,
				A8DA5FC81B69FF02004EE830 /* Main.storyboard in Resources */,
				A8B0FE351BD4B7BD00AEF27A /* example-en.srt in Resources */,
				A8DA5FCD1B69FF02004EE830 /* LaunchScreen.xib in Resources */,
				A8B0FE361BD4B7BD00AEF27A /* example-es.srt in Resources */,
				A8DA5FCA1B69FF02004EE830 /* Images.xcassets in Resources */,
			);
			runOnlyForDeploymentPostprocessing = 0;
		};
		A8DA5FD01B69FF02004EE830 /* Resources */ = {
			isa = PBXResourcesBuildPhase;
			buildActionMask = 2147483647;
			files = (
			);
			runOnlyForDeploymentPostprocessing = 0;
		};
/* End PBXResourcesBuildPhase section */

/* Begin PBXShellScriptBuildPhase section */
		A8112B0E1B6F571600C5BFAB /* ShellScript */ = {
			isa = PBXShellScriptBuildPhase;
			buildActionMask = 2147483647;
			files = (
			);
			inputPaths = (
			);
			outputPaths = (
			);
			runOnlyForDeploymentPostprocessing = 0;
			shellPath = /bin/sh;
			shellScript = "/usr/local/bin/mogenerator --model \"${PROJECT_DIR}/CoreDataMantleMoGenMigrations/Models/CoreDataMantleMoGenMigrations.xcdatamodeld/CoreDataMantleMoGenMigrations2.xcdatamodel\" --output-dir \"${PROJECT_DIR}/CoreDataMantleMoGenMigrations/Models/\" --template-var  arc=true\n\n\n";
		};
		BACE1F22787E1233527C247F /* Check Pods Manifest.lock */ = {
			isa = PBXShellScriptBuildPhase;
			buildActionMask = 2147483647;
			files = (
			);
			inputPaths = (
			);
			name = "Check Pods Manifest.lock";
			outputPaths = (
			);
			runOnlyForDeploymentPostprocessing = 0;
			shellPath = /bin/sh;
			shellScript = "diff \"${PODS_ROOT}/../Podfile.lock\" \"${PODS_ROOT}/Manifest.lock\" > /dev/null\nif [[ $? != 0 ]] ; then\n    cat << EOM\nerror: The sandbox is not in sync with the Podfile.lock. Run 'pod install' or update your CocoaPods installation.\nEOM\n    exit 1\nfi\n";
			showEnvVarsInLog = 0;
		};
		EB60C7575ACFA46715299518 /* Copy Pods Resources */ = {
			isa = PBXShellScriptBuildPhase;
			buildActionMask = 2147483647;
			files = (
			);
			inputPaths = (
			);
			name = "Copy Pods Resources";
			outputPaths = (
			);
			runOnlyForDeploymentPostprocessing = 0;
			shellPath = /bin/sh;
			shellScript = "\"${SRCROOT}/Pods/Target Support Files/Pods/Pods-resources.sh\"\n";
			showEnvVarsInLog = 0;
		};
/* End PBXShellScriptBuildPhase section */

/* Begin PBXSourcesBuildPhase section */
		A8DA5FAF1B69FF02004EE830 /* Sources */ = {
			isa = PBXSourcesBuildPhase;
			buildActionMask = 2147483647;
			files = (
				A8DA5FC51B69FF02004EE830 /* DetailViewController.m in Sources */,
				A8112B041B6F524B00C5BFAB /* CoreDataMantleMoGenMigrations.xcdatamodeld in Sources */,
				A8DA5FC21B69FF02004EE830 /* MasterViewController.m in Sources */,
				A8A3ADC51BCA5F290099B8D7 /* GRCommonReactiveExamples.m in Sources */,
				A8DA5FBC1B69FF02004EE830 /* AppDelegate.m in Sources */,
				A84DB2061BC3B4BF00924C45 /* README.md in Sources */,
				A84DB1E11BC241D900924C45 /* _Person.m in Sources */,
				A8A3ADC81BCA60B40099B8D7 /* GRCoreDataPerformanceExamples.m in Sources */,
				A8A3ADCE1BCA6B9D0099B8D7 /* GRCollectionPerformanceExamples.m in Sources */,
				A84DB1DB1BC2406500924C45 /* TestTVCell.m in Sources */,
				A85613831B6F942200D8C0DB /* Person.m in Sources */,
				A84DB2051BC3B4BF00924C45 /* GCDispatchQueue.m in Sources */,
				A8A3ADC21BCA54550099B8D7 /* CPPerson.m in Sources */,
				A8DA5FB91B69FF02004EE830 /* main.m in Sources */,
				A84DB1E01BC241D900924C45 /* _Event.m in Sources */,
				A84DB2041BC3B4BF00924C45 /* GCDispatch.m in Sources */,
				A8A3ADCB1BCA60CE0099B8D7 /* GRAPIController.m in Sources */,
				A8112B141B6F5A1000C5BFAB /* Event.m in Sources */,
			);
			runOnlyForDeploymentPostprocessing = 0;
		};
		A8DA5FCE1B69FF02004EE830 /* Sources */ = {
			isa = PBXSourcesBuildPhase;
			buildActionMask = 2147483647;
			files = (
				A8DA5FD91B69FF02004EE830 /* CoreDataMantleMoGenMigrationsTests.m in Sources */,
			);
			runOnlyForDeploymentPostprocessing = 0;
		};
/* End PBXSourcesBuildPhase section */

/* Begin PBXTargetDependency section */
		A8DA5FD41B69FF02004EE830 /* PBXTargetDependency */ = {
			isa = PBXTargetDependency;
			target = A8DA5FB21B69FF02004EE830 /* CoreDataMantleMoGenMigrations */;
			targetProxy = A8DA5FD31B69FF02004EE830 /* PBXContainerItemProxy */;
		};
/* End PBXTargetDependency section */

/* Begin PBXVariantGroup section */
		A8DA5FC61B69FF02004EE830 /* Main.storyboard */ = {
			isa = PBXVariantGroup;
			children = (
				A8DA5FC71B69FF02004EE830 /* Base */,
			);
			name = Main.storyboard;
			sourceTree = "<group>";
		};
		A8DA5FCB1B69FF02004EE830 /* LaunchScreen.xib */ = {
			isa = PBXVariantGroup;
			children = (
				A8DA5FCC1B69FF02004EE830 /* Base */,
			);
			name = LaunchScreen.xib;
			sourceTree = "<group>";
		};
/* End PBXVariantGroup section */

/* Begin XCBuildConfiguration section */
		A8112B0C1B6F571000C5BFAB /* Debug */ = {
			isa = XCBuildConfiguration;
			buildSettings = {
				PRODUCT_NAME = "$(TARGET_NAME)";
			};
			name = Debug;
		};
		A8112B0D1B6F571000C5BFAB /* Release */ = {
			isa = XCBuildConfiguration;
			buildSettings = {
				PRODUCT_NAME = "$(TARGET_NAME)";
			};
			name = Release;
		};
		A8DA5FDA1B69FF02004EE830 /* Debug */ = {
			isa = XCBuildConfiguration;
			buildSettings = {
				ALWAYS_SEARCH_USER_PATHS = NO;
				CLANG_CXX_LANGUAGE_STANDARD = "gnu++0x";
				CLANG_CXX_LIBRARY = "libc++";
				CLANG_ENABLE_MODULES = YES;
				CLANG_ENABLE_OBJC_ARC = YES;
				CLANG_WARN_BOOL_CONVERSION = YES;
				CLANG_WARN_CONSTANT_CONVERSION = YES;
				CLANG_WARN_DIRECT_OBJC_ISA_USAGE = YES_ERROR;
				CLANG_WARN_EMPTY_BODY = YES;
				CLANG_WARN_ENUM_CONVERSION = YES;
				CLANG_WARN_INT_CONVERSION = YES;
				CLANG_WARN_OBJC_ROOT_CLASS = YES_ERROR;
				CLANG_WARN_UNREACHABLE_CODE = YES;
				CLANG_WARN__DUPLICATE_METHOD_MATCH = YES;
				"CODE_SIGN_IDENTITY[sdk=iphoneos*]" = "iPhone Developer";
				COPY_PHASE_STRIP = NO;
				ENABLE_STRICT_OBJC_MSGSEND = YES;
				GCC_C_LANGUAGE_STANDARD = gnu99;
				GCC_DYNAMIC_NO_PIC = NO;
				GCC_OPTIMIZATION_LEVEL = 0;
				GCC_PREPROCESSOR_DEFINITIONS = (
					"DEBUG=1",
					"$(inherited)",
				);
				GCC_SYMBOLS_PRIVATE_EXTERN = NO;
				GCC_WARN_64_TO_32_BIT_CONVERSION = YES;
				GCC_WARN_ABOUT_RETURN_TYPE = YES_ERROR;
				GCC_WARN_UNDECLARED_SELECTOR = YES;
				GCC_WARN_UNINITIALIZED_AUTOS = YES_AGGRESSIVE;
				GCC_WARN_UNUSED_FUNCTION = YES;
				GCC_WARN_UNUSED_VARIABLE = YES;
				IPHONEOS_DEPLOYMENT_TARGET = 8.1;
				MTL_ENABLE_DEBUG_INFO = YES;
				ONLY_ACTIVE_ARCH = YES;
				SDKROOT = iphoneos;
			};
			name = Debug;
		};
		A8DA5FDB1B69FF02004EE830 /* Release */ = {
			isa = XCBuildConfiguration;
			buildSettings = {
				ALWAYS_SEARCH_USER_PATHS = NO;
				CLANG_CXX_LANGUAGE_STANDARD = "gnu++0x";
				CLANG_CXX_LIBRARY = "libc++";
				CLANG_ENABLE_MODULES = YES;
				CLANG_ENABLE_OBJC_ARC = YES;
				CLANG_WARN_BOOL_CONVERSION = YES;
				CLANG_WARN_CONSTANT_CONVERSION = YES;
				CLANG_WARN_DIRECT_OBJC_ISA_USAGE = YES_ERROR;
				CLANG_WARN_EMPTY_BODY = YES;
				CLANG_WARN_ENUM_CONVERSION = YES;
				CLANG_WARN_INT_CONVERSION = YES;
				CLANG_WARN_OBJC_ROOT_CLASS = YES_ERROR;
				CLANG_WARN_UNREACHABLE_CODE = YES;
				CLANG_WARN__DUPLICATE_METHOD_MATCH = YES;
				"CODE_SIGN_IDENTITY[sdk=iphoneos*]" = "iPhone Developer";
				COPY_PHASE_STRIP = YES;
				ENABLE_NS_ASSERTIONS = NO;
				ENABLE_STRICT_OBJC_MSGSEND = YES;
				GCC_C_LANGUAGE_STANDARD = gnu99;
				GCC_WARN_64_TO_32_BIT_CONVERSION = YES;
				GCC_WARN_ABOUT_RETURN_TYPE = YES_ERROR;
				GCC_WARN_UNDECLARED_SELECTOR = YES;
				GCC_WARN_UNINITIALIZED_AUTOS = YES_AGGRESSIVE;
				GCC_WARN_UNUSED_FUNCTION = YES;
				GCC_WARN_UNUSED_VARIABLE = YES;
				IPHONEOS_DEPLOYMENT_TARGET = 8.1;
				MTL_ENABLE_DEBUG_INFO = NO;
				SDKROOT = iphoneos;
				VALIDATE_PRODUCT = YES;
			};
			name = Release;
		};
		A8DA5FDD1B69FF02004EE830 /* Debug */ = {
			isa = XCBuildConfiguration;
			baseConfigurationReference = 73E2080890FA0C8CDE2D4D7C /* Pods.debug.xcconfig */;
			buildSettings = {
				ASSETCATALOG_COMPILER_APPICON_NAME = AppIcon;
				GCC_PRECOMPILE_PREFIX_HEADER = YES;
				GCC_PREFIX_HEADER = CoreDataMantleMoGenMigrations/CoreDataMantle.pch;
				INFOPLIST_FILE = CoreDataMantleMoGenMigrations/Info.plist;
				LD_RUNPATH_SEARCH_PATHS = "$(inherited) @executable_path/Frameworks";
				PRODUCT_NAME = "$(TARGET_NAME)";
			};
			name = Debug;
		};
		A8DA5FDE1B69FF02004EE830 /* Release */ = {
			isa = XCBuildConfiguration;
			baseConfigurationReference = 1247A14F0ED2E75CF4449D18 /* Pods.release.xcconfig */;
			buildSettings = {
				ASSETCATALOG_COMPILER_APPICON_NAME = AppIcon;
				GCC_PRECOMPILE_PREFIX_HEADER = YES;
				GCC_PREFIX_HEADER = CoreDataMantleMoGenMigrations/CoreDataMantle.pch;
				INFOPLIST_FILE = CoreDataMantleMoGenMigrations/Info.plist;
				LD_RUNPATH_SEARCH_PATHS = "$(inherited) @executable_path/Frameworks";
				PRODUCT_NAME = "$(TARGET_NAME)";
			};
			name = Release;
		};
		A8DA5FE01B69FF02004EE830 /* Debug */ = {
			isa = XCBuildConfiguration;
			buildSettings = {
				BUNDLE_LOADER = "$(TEST_HOST)";
				FRAMEWORK_SEARCH_PATHS = (
					"$(SDKROOT)/Developer/Library/Frameworks",
					"$(inherited)",
				);
				GCC_PREPROCESSOR_DEFINITIONS = (
					"DEBUG=1",
					"$(inherited)",
				);
				INFOPLIST_FILE = CoreDataMantleMoGenMigrationsTests/Info.plist;
				LD_RUNPATH_SEARCH_PATHS = "$(inherited) @executable_path/Frameworks @loader_path/Frameworks";
				PRODUCT_NAME = "$(TARGET_NAME)";
				TEST_HOST = "$(BUILT_PRODUCTS_DIR)/CoreDataMantleMoGenMigrations.app/CoreDataMantleMoGenMigrations";
			};
			name = Debug;
		};
		A8DA5FE11B69FF02004EE830 /* Release */ = {
			isa = XCBuildConfiguration;
			buildSettings = {
				BUNDLE_LOADER = "$(TEST_HOST)";
				FRAMEWORK_SEARCH_PATHS = (
					"$(SDKROOT)/Developer/Library/Frameworks",
					"$(inherited)",
				);
				INFOPLIST_FILE = CoreDataMantleMoGenMigrationsTests/Info.plist;
				LD_RUNPATH_SEARCH_PATHS = "$(inherited) @executable_path/Frameworks @loader_path/Frameworks";
				PRODUCT_NAME = "$(TARGET_NAME)";
				TEST_HOST = "$(BUILT_PRODUCTS_DIR)/CoreDataMantleMoGenMigrations.app/CoreDataMantleMoGenMigrations";
			};
			name = Release;
		};
/* End XCBuildConfiguration section */

/* Begin XCConfigurationList section */
		A8112B0B1B6F571000C5BFAB /* Build configuration list for PBXAggregateTarget "Mogenerator2" */ = {
			isa = XCConfigurationList;
			buildConfigurations = (
				A8112B0C1B6F571000C5BFAB /* Debug */,
				A8112B0D1B6F571000C5BFAB /* Release */,
			);
			defaultConfigurationIsVisible = 0;
			defaultConfigurationName = Release;
		};
		A8DA5FAE1B69FF02004EE830 /* Build configuration list for PBXProject "CoreDataMantleMoGenMigrations" */ = {
			isa = XCConfigurationList;
			buildConfigurations = (
				A8DA5FDA1B69FF02004EE830 /* Debug */,
				A8DA5FDB1B69FF02004EE830 /* Release */,
			);
			defaultConfigurationIsVisible = 0;
			defaultConfigurationName = Release;
		};
		A8DA5FDC1B69FF02004EE830 /* Build configuration list for PBXNativeTarget "CoreDataMantleMoGenMigrations" */ = {
			isa = XCConfigurationList;
			buildConfigurations = (
				A8DA5FDD1B69FF02004EE830 /* Debug */,
				A8DA5FDE1B69FF02004EE830 /* Release */,
			);
			defaultConfigurationIsVisible = 0;
			defaultConfigurationName = Release;
		};
		A8DA5FDF1B69FF02004EE830 /* Build configuration list for PBXNativeTarget "CoreDataMantleMoGenMigrationsTests" */ = {
			isa = XCConfigurationList;
			buildConfigurations = (
				A8DA5FE01B69FF02004EE830 /* Debug */,
				A8DA5FE11B69FF02004EE830 /* Release */,
			);
			defaultConfigurationIsVisible = 0;
			defaultConfigurationName = Release;
		};
/* End XCConfigurationList section */

/* Begin XCVersionGroup section */
		A8112B021B6F524B00C5BFAB /* CoreDataMantleMoGenMigrations.xcdatamodeld */ = {
			isa = XCVersionGroup;
			children = (
				A8112B151B6F7CFB00C5BFAB /* CoreDataMantleMoGenMigrations2.xcdatamodel */,
				A8112B031B6F524B00C5BFAB /* CoreDataMantleMoGenMigrations.xcdatamodel */,
			);
			currentVersion = A8112B151B6F7CFB00C5BFAB /* CoreDataMantleMoGenMigrations2.xcdatamodel */;
			path = CoreDataMantleMoGenMigrations.xcdatamodeld;
			sourceTree = "<group>";
			versionGroupType = wrapper.xcdatamodel;
		};
/* End XCVersionGroup section */
	};
	rootObject = A8DA5FAB1B69FF02004EE830 /* Project object */;
}
